
Microsoft Visual Studio Solution File, Format Version 12.00
# Visual Studio Version 17
VisualStudioVersion = 17.4.33110.190
MinimumVisualStudioVersion = 10.0.40219.1
Project("{FAE04EC0-301F-11D3-BF4B-00C04F79EFBC}") = "Configuring Routing and Navigation", "Configuring Routing and Navigation\Configuring Routing and Navigation.csproj", "{E9D1F95D-DEAD-4FE3-8D79-92A47CF33899}"
EndProject
Global
	GlobalSection(SolutionConfigurationPlatforms) = preSolution
		Debug|Any CPU = Debug|Any CPU
		Release|Any CPU = Release|Any CPU
	EndGlobalSection
	GlobalSection(ProjectConfigurationPlatforms) = postSolution
		{E9D1F95D-DEAD-4FE3-8D79-92A47CF33899}.Debug|Any CPU.ActiveCfg = Debug|Any CPU
		{E9D1F95D-DEAD-4FE3-8D79-92A47CF33899}.Debug|Any CPU.Build.0 = Debug|Any CPU
		{E9D1F95D-DEAD-4FE3-8D79-92A47CF33899}.Release|Any CPU.ActiveCfg = Release|Any CPU
		{E9D1F95D-DEAD-4FE3-8D79-92A47CF33899}.Release|Any CPU.Build.0 = Release|Any CPU
	EndGlobalSection
	GlobalSection(SolutionProperties) = preSolution
		HideSolutionNode = FALSE
	EndGlobalSection
	GlobalSection(ExtensibilityGlobals) = postSolution
		SolutionGuid = {7F130FF3-484A-4D8E-9432-4BEE57D10E5D}
	EndGlobalSection
EndGlobal
